
Microsoft Visual Studio Solution File, Format Version 12.00
Project("{FAE04EC0-301F-11D3-BF4B-00C04F79EFBC}") = "EventManager.Core", "EventManager.Core\EventManager.Core.csproj", "{59111259-4848-456B-82E1-5CC42452D9B2}"
EndProject
Project("{FAE04EC0-301F-11D3-BF4B-00C04F79EFBC}") = "EventManager.Infrastructure", "EventManager.Infrastructure\EventManager.Infrastructure.csproj", "{5137CC91-023A-42F4-BDA2-07CEA58B7183}"
EndProject
Project("{FAE04EC0-301F-11D3-BF4B-00C04F79EFBC}") = "EventManager.Services", "EventManager.Services\EventManager.Services.csproj", "{50271B2C-52F9-4A3B-A763-CC4976A1B867}"
EndProject
Project("{FAE04EC0-301F-11D3-BF4B-00C04F79EFBC}") = "EventManager.API", "EventManager.API\EventManager.API.csproj", "{C0C3A704-E0AF-437F-9E64-5DC94E2C44A7}"
EndProject
Global
	GlobalSection(SolutionConfigurationPlatforms) = preSolution
		Debug|Any CPU = Debug|Any CPU
		Release|Any CPU = Release|Any CPU
	EndGlobalSection
	GlobalSection(ProjectConfigurationPlatforms) = postSolution
		{59111259-4848-456B-82E1-5CC42452D9B2}.Debug|Any CPU.ActiveCfg = Debug|Any CPU
		{59111259-4848-456B-82E1-5CC42452D9B2}.Debug|Any CPU.Build.0 = Debug|Any CPU
		{59111259-4848-456B-82E1-5CC42452D9B2}.Release|Any CPU.ActiveCfg = Release|Any CPU
		{59111259-4848-456B-82E1-5CC42452D9B2}.Release|Any CPU.Build.0 = Release|Any CPU
		{5137CC91-023A-42F4-BDA2-07CEA58B7183}.Debug|Any CPU.ActiveCfg = Debug|Any CPU
		{5137CC91-023A-42F4-BDA2-07CEA58B7183}.Debug|Any CPU.Build.0 = Debug|Any CPU
		{5137CC91-023A-42F4-BDA2-07CEA58B7183}.Release|Any CPU.ActiveCfg = Release|Any CPU
		{5137CC91-023A-42F4-BDA2-07CEA58B7183}.Release|Any CPU.Build.0 = Release|Any CPU
		{50271B2C-52F9-4A3B-A763-CC4976A1B867}.Debug|Any CPU.ActiveCfg = Debug|Any CPU
		{50271B2C-52F9-4A3B-A763-CC4976A1B867}.Debug|Any CPU.Build.0 = Debug|Any CPU
		{50271B2C-52F9-4A3B-A763-CC4976A1B867}.Release|Any CPU.ActiveCfg = Release|Any CPU
		{50271B2C-52F9-4A3B-A763-CC4976A1B867}.Release|Any CPU.Build.0 = Release|Any CPU
		{C0C3A704-E0AF-437F-9E64-5DC94E2C44A7}.Debug|Any CPU.ActiveCfg = Debug|Any CPU
		{C0C3A704-E0AF-437F-9E64-5DC94E2C44A7}.Debug|Any CPU.Build.0 = Debug|Any CPU
		{C0C3A704-E0AF-437F-9E64-5DC94E2C44A7}.Release|Any CPU.ActiveCfg = Release|Any CPU
		{C0C3A704-E0AF-437F-9E64-5DC94E2C44A7}.Release|Any CPU.Build.0 = Release|Any CPU
	EndGlobalSection
EndGlobal
